
Microsoft Visual Studio Solution File, Format Version 12.00
# Visual Studio Version 17
VisualStudioVersion = 17.5.33516.290
MinimumVisualStudioVersion = 10.0.40219.1
Project("{FAE04EC0-301F-11D3-BF4B-00C04F79EFBC}") = "WebAppMVC", "WebAppMVC\WebAppMVC.csproj", "{F20C9EAD-C9DA-4692-9FEA-CADC14BC8408}"
EndProject
Project("{9A19103F-16F7-4668-BE54-9A1E7A4F7556}") = "BlazorApp", "BlazorApp\BlazorApp.csproj", "{500070EB-7DED-49F0-B0A5-5C04778E4CA1}"
EndProject
Project("{FAE04EC0-301F-11D3-BF4B-00C04F79EFBC}") = "ClassLibrary1", "ClassLibrary1\ClassLibrary1.csproj", "{83AD725F-FD12-4487-AF14-7A2BDF66FFA1}"
EndProject
Project("{FAE04EC0-301F-11D3-BF4B-00C04F79EFBC}") = "ConsoleMVC", "ConsoleMVC\ConsoleMVC.csproj", "{77B1E358-F646-484D-88E4-5776F4609997}"
EndProject
Project("{FAE04EC0-301F-11D3-BF4B-00C04F79EFBC}") = "WebAppCRUD", "WebAppCRUD\WebAppCRUD.csproj", "{127BBB06-05C5-4829-A736-315A6E95BB6E}"
EndProject
Project("{FAE04EC0-301F-11D3-BF4B-00C04F79EFBC}") = "WebAppSec", "WebAppSec\WebAppSec.csproj", "{6BC8F7E4-C826-45C7-AF20-2F34E15F4453}"
EndProject
Project("{FAE04EC0-301F-11D3-BF4B-00C04F79EFBC}") = "WebApi", "WebApi\WebApi.csproj", "{8FD0C5D2-0A2E-4F14-86DE-A78EC2D9BDE1}"
EndProject
Project("{FAE04EC0-301F-11D3-BF4B-00C04F79EFBC}") = "ConceptsImporants", "ConceptsImporants\ConceptsImporants.csproj", "{360A4BFA-DFB1-4104-A5DD-818EEBBC8F44}"
EndProject
Project("{FAE04EC0-301F-11D3-BF4B-00C04F79EFBC}") = "WebAppCoreAncienne", "WebAppCoreAncienne\WebAppCoreAncienne.csproj", "{9C4C19F0-0233-417B-B40D-10EEA22C27D7}"
EndProject
Project("{FAE04EC0-301F-11D3-BF4B-00C04F79EFBC}") = "WebAppCoreNouvelle", "WebAppCoreNouvelle\WebAppCoreNouvelle.csproj", "{292F7684-26C0-45D8-B150-FED0C82974F7}"
EndProject
Project("{FAE04EC0-301F-11D3-BF4B-00C04F79EFBC}") = "WebAppMiddleware", "WebAppMiddleware\WebAppMiddleware.csproj", "{22973CCE-0AD4-474D-A299-8C8CE5F3A799}"
EndProject
Project("{FAE04EC0-301F-11D3-BF4B-00C04F79EFBC}") = "WebMVCEFInMemory", "WebMVCEFInMemory\WebMVCEFInMemory.csproj", "{D09786D5-4514-4A03-A0CF-5DDBB6F50DA7}"
EndProject
Global
	GlobalSection(SolutionConfigurationPlatforms) = preSolution
		Debug|Any CPU = Debug|Any CPU
		Release|Any CPU = Release|Any CPU
	EndGlobalSection
	GlobalSection(ProjectConfigurationPlatforms) = postSolution
		{F20C9EAD-C9DA-4692-9FEA-CADC14BC8408}.Debug|Any CPU.ActiveCfg = Debug|Any CPU
		{F20C9EAD-C9DA-4692-9FEA-CADC14BC8408}.Debug|Any CPU.Build.0 = Debug|Any CPU
		{F20C9EAD-C9DA-4692-9FEA-CADC14BC8408}.Release|Any CPU.ActiveCfg = Release|Any CPU
		{F20C9EAD-C9DA-4692-9FEA-CADC14BC8408}.Release|Any CPU.Build.0 = Release|Any CPU
		{500070EB-7DED-49F0-B0A5-5C04778E4CA1}.Debug|Any CPU.ActiveCfg = Debug|Any CPU
		{500070EB-7DED-49F0-B0A5-5C04778E4CA1}.Debug|Any CPU.Build.0 = Debug|Any CPU
		{500070EB-7DED-49F0-B0A5-5C04778E4CA1}.Release|Any CPU.ActiveCfg = Release|Any CPU
		{500070EB-7DED-49F0-B0A5-5C04778E4CA1}.Release|Any CPU.Build.0 = Release|Any CPU
		{83AD725F-FD12-4487-AF14-7A2BDF66FFA1}.Debug|Any CPU.ActiveCfg = Debug|Any CPU
		{83AD725F-FD12-4487-AF14-7A2BDF66FFA1}.Debug|Any CPU.Build.0 = Debug|Any CPU
		{83AD725F-FD12-4487-AF14-7A2BDF66FFA1}.Release|Any CPU.ActiveCfg = Release|Any CPU
		{83AD725F-FD12-4487-AF14-7A2BDF66FFA1}.Release|Any CPU.Build.0 = Release|Any CPU
		{77B1E358-F646-484D-88E4-5776F4609997}.Debug|Any CPU.ActiveCfg = Debug|Any CPU
		{77B1E358-F646-484D-88E4-5776F4609997}.Debug|Any CPU.Build.0 = Debug|Any CPU
		{77B1E358-F646-484D-88E4-5776F4609997}.Release|Any CPU.ActiveCfg = Release|Any CPU
		{77B1E358-F646-484D-88E4-5776F4609997}.Release|Any CPU.Build.0 = Release|Any CPU
		{127BBB06-05C5-4829-A736-315A6E95BB6E}.Debug|Any CPU.ActiveCfg = Debug|Any CPU
		{127BBB06-05C5-4829-A736-315A6E95BB6E}.Debug|Any CPU.Build.0 = Debug|Any CPU
		{127BBB06-05C5-4829-A736-315A6E95BB6E}.Release|Any CPU.ActiveCfg = Release|Any CPU
		{127BBB06-05C5-4829-A736-315A6E95BB6E}.Release|Any CPU.Build.0 = Release|Any CPU
		{6BC8F7E4-C826-45C7-AF20-2F34E15F4453}.Debug|Any CPU.ActiveCfg = Debug|Any CPU
		{6BC8F7E4-C826-45C7-AF20-2F34E15F4453}.Debug|Any CPU.Build.0 = Debug|Any CPU
		{6BC8F7E4-C826-45C7-AF20-2F34E15F4453}.Release|Any CPU.ActiveCfg = Release|Any CPU
		{6BC8F7E4-C826-45C7-AF20-2F34E15F4453}.Release|Any CPU.Build.0 = Release|Any CPU
		{8FD0C5D2-0A2E-4F14-86DE-A78EC2D9BDE1}.Debug|Any CPU.ActiveCfg = Debug|Any CPU
		{8FD0C5D2-0A2E-4F14-86DE-A78EC2D9BDE1}.Debug|Any CPU.Build.0 = Debug|Any CPU
		{8FD0C5D2-0A2E-4F14-86DE-A78EC2D9BDE1}.Release|Any CPU.ActiveCfg = Release|Any CPU
		{8FD0C5D2-0A2E-4F14-86DE-A78EC2D9BDE1}.Release|Any CPU.Build.0 = Release|Any CPU
		{360A4BFA-DFB1-4104-A5DD-818EEBBC8F44}.Debug|Any CPU.ActiveCfg = Debug|Any CPU
		{360A4BFA-DFB1-4104-A5DD-818EEBBC8F44}.Debug|Any CPU.Build.0 = Debug|Any CPU
		{360A4BFA-DFB1-4104-A5DD-818EEBBC8F44}.Release|Any CPU.ActiveCfg = Release|Any CPU
		{360A4BFA-DFB1-4104-A5DD-818EEBBC8F44}.Release|Any CPU.Build.0 = Release|Any CPU
		{9C4C19F0-0233-417B-B40D-10EEA22C27D7}.Debug|Any CPU.ActiveCfg = Debug|Any CPU
		{9C4C19F0-0233-417B-B40D-10EEA22C27D7}.Debug|Any CPU.Build.0 = Debug|Any CPU
		{9C4C19F0-0233-417B-B40D-10EEA22C27D7}.Release|Any CPU.ActiveCfg = Release|Any CPU
		{9C4C19F0-0233-417B-B40D-10EEA22C27D7}.Release|Any CPU.Build.0 = Release|Any CPU
		{292F7684-26C0-45D8-B150-FED0C82974F7}.Debug|Any CPU.ActiveCfg = Debug|Any CPU
		{292F7684-26C0-45D8-B150-FED0C82974F7}.Debug|Any CPU.Build.0 = Debug|Any CPU
		{292F7684-26C0-45D8-B150-FED0C82974F7}.Release|Any CPU.ActiveCfg = Release|Any CPU
		{292F7684-26C0-45D8-B150-FED0C82974F7}.Release|Any CPU.Build.0 = Release|Any CPU
		{22973CCE-0AD4-474D-A299-8C8CE5F3A799}.Debug|Any CPU.ActiveCfg = Debug|Any CPU
		{22973CCE-0AD4-474D-A299-8C8CE5F3A799}.Debug|Any CPU.Build.0 = Debug|Any CPU
		{22973CCE-0AD4-474D-A299-8C8CE5F3A799}.Release|Any CPU.ActiveCfg = Release|Any CPU
		{22973CCE-0AD4-474D-A299-8C8CE5F3A799}.Release|Any CPU.Build.0 = Release|Any CPU
		{D09786D5-4514-4A03-A0CF-5DDBB6F50DA7}.Debug|Any CPU.ActiveCfg = Debug|Any CPU
		{D09786D5-4514-4A03-A0CF-5DDBB6F50DA7}.Debug|Any CPU.Build.0 = Debug|Any CPU
		{D09786D5-4514-4A03-A0CF-5DDBB6F50DA7}.Release|Any CPU.ActiveCfg = Release|Any CPU
		{D09786D5-4514-4A03-A0CF-5DDBB6F50DA7}.Release|Any CPU.Build.0 = Release|Any CPU
	EndGlobalSection
	GlobalSection(SolutionProperties) = preSolution
		HideSolutionNode = FALSE
	EndGlobalSection
	GlobalSection(ExtensibilityGlobals) = postSolution
		SolutionGuid = {9698134D-4013-4CED-8FF9-AB4DA9D938FA}
	EndGlobalSection
EndGlobal
